# This file was autogenerated by Stack.
# You should not edit this file by hand.
# For more information, please see the documentation at:
#   https://docs.haskellstack.org/en/stable/lock_files

packages:
- completed:
    hackage: base-noprelude-4.13.0.0@sha256:3cccbfda38e1422ca5cc436d58858ba51ff9114d2ed87915a6569be11e4e5a90,6842
    pantry-tree:
      size: 112
      sha256: 90db92c8401880187ce642c5345407bcbd9546ea235524dd445cab2566ee3db1
  original:
    hackage: base-noprelude-4.13.0.0
- completed:
    hackage: envparse-0.4.1@sha256:989902e6368532548f61de1fa245ad2b39176cddd8743b20071af519a709ce30,2842
    pantry-tree:
      size: 1180
      sha256: 35044d67979fe2a5cff05cf8736a06a265592433cdd03e13a72908ceed892612
  original:
    hackage: envparse-0.4.1@sha256:989902e6368532548f61de1fa245ad2b39176cddd8743b20071af519a709ce30,2842
- completed:
    hackage: ki-0.2.0.1@sha256:009d881efa01dfcbe880e62dedb6d4160088220c453a900f7ce4ae17cc48d082,3690
    pantry-tree:
      size: 1226
      sha256: 36a7bbc5fc608725a1df54edacfd5fb02c2caaddd9e71f5eb5a78c4ec2d31068
  original:
    hackage: ki-0.2.0.1@sha256:009d881efa01dfcbe880e62dedb6d4160088220c453a900f7ce4ae17cc48d082,3690
- completed:
    hackage: postgresql-simple-migration-0.1.15.0@sha256:0e24e96908430f5caf9c1c1d9ca7c5c108e4e0409a255e2cbd77e8cd252dbb02,3879
    pantry-tree:
      size: 766
      sha256: c2843bfe43b804992bc913f33ec6b2c6cb0fc99c6d931b6ff85894e8aef9a99e
  original:
    hackage: postgresql-simple-migration-0.1.15.0@sha256:0e24e96908430f5caf9c1c1d9ca7c5c108e4e0409a255e2cbd77e8cd252dbb02,3879
- completed:
    name: hspec-pg-transact
    version: 0.1.0.2
    git: git@github.com:jfischoff/pg-transact-hspec
    pantry-tree:
      size: 423
      sha256: acd9e900dc9606766ce05a2ebc8b3bb6f1420c35d04299d2b5ad9be1ac441a86
    commit: 77e6a97e60838fcf5763310204b0a74835e4f1d5
  original:
    git: git@github.com:jfischoff/pg-transact-hspec
    commit: 77e6a97e60838fcf5763310204b0a74835e4f1d5
snapshots:
- completed:
    size: 533252
    url: https://raw.githubusercontent.com/commercialhaskell/stackage-snapshots/master/lts/16/26.yaml
    sha256: cdbc5db9c1afe80a5998247939027a0c7db92fa0f20b5cd01596ec3da628b622
  original: lts-16.26
